
Microsoft Visual Studio Solution File, Format Version 12.00
# Visual Studio Version 16
VisualStudioVersion = 16.0.31105.61
MinimumVisualStudioVersion = 10.0.40219.1
Project("{9A19103F-16F7-4668-BE54-9A1E7A4F7556}") = "OllPractice.Model", "OllPractice.Model.csproj", "{A04D2441-FAE7-4635-B048-DF5A17EC24B8}"
EndProject
Project("{9A19103F-16F7-4668-BE54-9A1E7A4F7556}") = "OllPracticeTests", "..\OllPracticeTests\OllPracticeTests.csproj", "{760861C8-54AD-4890-B28B-1FC814347976}"
EndProject
Global
	GlobalSection(SolutionConfigurationPlatforms) = preSolution
		Debug|Any CPU = Debug|Any CPU
		Release|Any CPU = Release|Any CPU
	EndGlobalSection
	GlobalSection(ProjectConfigurationPlatforms) = postSolution
		{A04D2441-FAE7-4635-B048-DF5A17EC24B8}.Debug|Any CPU.ActiveCfg = Debug|Any CPU
		{A04D2441-FAE7-4635-B048-DF5A17EC24B8}.Debug|Any CPU.Build.0 = Debug|Any CPU
		{A04D2441-FAE7-4635-B048-DF5A17EC24B8}.Release|Any CPU.ActiveCfg = Release|Any CPU
		{A04D2441-FAE7-4635-B048-DF5A17EC24B8}.Release|Any CPU.Build.0 = Release|Any CPU
		{760861C8-54AD-4890-B28B-1FC814347976}.Debug|Any CPU.ActiveCfg = Debug|Any CPU
		{760861C8-54AD-4890-B28B-1FC814347976}.Debug|Any CPU.Build.0 = Debug|Any CPU
		{760861C8-54AD-4890-B28B-1FC814347976}.Release|Any CPU.ActiveCfg = Release|Any CPU
		{760861C8-54AD-4890-B28B-1FC814347976}.Release|Any CPU.Build.0 = Release|Any CPU
	EndGlobalSection
	GlobalSection(SolutionProperties) = preSolution
		HideSolutionNode = FALSE
	EndGlobalSection
	GlobalSection(ExtensibilityGlobals) = postSolution
		SolutionGuid = {7B9E3074-5452-4F2B-8926-C98E710FCAEC}
	EndGlobalSection
EndGlobal
